
Microsoft Visual Studio Solution File, Format Version 12.00
# Visual Studio Version 16
VisualStudioVersion = 16.0.29519.181
MinimumVisualStudioVersion = 10.0.40219.1
Project("{888888A0-9F3D-457C-B088-3A5042F75D52}") = "Guy_First_Project", "Guy_First_Project\Guy_First_Project.pyproj", "{6241B26D-F956-414C-905D-AB2C0F163AB2}"
EndProject
Global
	GlobalSection(SolutionConfigurationPlatforms) = preSolution
		Debug|Any CPU = Debug|Any CPU
		Release|Any CPU = Release|Any CPU
	EndGlobalSection
	GlobalSection(ProjectConfigurationPlatforms) = postSolution
		{6241B26D-F956-414C-905D-AB2C0F163AB2}.Debug|Any CPU.ActiveCfg = Debug|Any CPU
		{6241B26D-F956-414C-905D-AB2C0F163AB2}.Debug|Any CPU.Build.0 = Debug|Any CPU
		{6241B26D-F956-414C-905D-AB2C0F163AB2}.Release|Any CPU.ActiveCfg = Release|Any CPU
		{6241B26D-F956-414C-905D-AB2C0F163AB2}.Release|Any CPU.Build.0 = Release|Any CPU
	EndGlobalSection
	GlobalSection(SolutionProperties) = preSolution
		HideSolutionNode = FALSE
	EndGlobalSection
	GlobalSection(ExtensibilityGlobals) = postSolution
		SolutionGuid = {0513E7B6-0E8F-4043-8FBE-CBB9093B77E0}
	EndGlobalSection
EndGlobal
